// !$*UTF8*$!
{
	archiveVersion = 1;
	classes = {
	};
	objectVersion = 46;
	objects = {

/* Begin PBXBuildFile section */
		8B88CC7F1EAA5BE70082DFA4 /* AppDelegate.swift in Sources */ = {isa = PBXBuildFile; fileRef = 8B88CC7E1EAA5BE70082DFA4 /* AppDelegate.swift */; };
		8B88CC811EAA5BE70082DFA4 /* ViewController.swift in Sources */ = {isa = PBXBuildFile; fileRef = 8B88CC801EAA5BE70082DFA4 /* ViewController.swift */; };
		8B88CC841EAA5BE70082DFA4 /* Main.storyboard in Resources */ = {isa = PBXBuildFile; fileRef = 8B88CC821EAA5BE70082DFA4 /* Main.storyboard */; };
		8B88CC861EAA5BE70082DFA4 /* Assets.xcassets in Resources */ = {isa = PBXBuildFile; fileRef = 8B88CC851EAA5BE70082DFA4 /* Assets.xcassets */; };
		8B88CC891EAA5BE70082DFA4 /* LaunchScreen.storyboard in Resources */ = {isa = PBXBuildFile; fileRef = 8B88CC871EAA5BE70082DFA4 /* LaunchScreen.storyboard */; };
		8B88CC911EAA5CD90082DFA4 /* NKKSegmentView.swift in Sources */ = {isa = PBXBuildFile; fileRef = 8B88CC901EAA5CD90082DFA4 /* NKKSegmentView.swift */; };
		8B88CC931EAA5CFB0082DFA4 /* UILabelExtension.swift in Sources */ = {isa = PBXBuildFile; fileRef = 8B88CC921EAA5CFB0082DFA4 /* UILabelExtension.swift */; };
		8B88CC951EAA5D3E0082DFA4 /* NKKCustomeCell.swift in Sources */ = {isa = PBXBuildFile; fileRef = 8B88CC941EAA5D3E0082DFA4 /* NKKCustomeCell.swift */; };
		8B88CC971EAA5E250082DFA4 /* StringHelper.swift in Sources */ = {isa = PBXBuildFile; fileRef = 8B88CC961EAA5E250082DFA4 /* StringHelper.swift */; };
		8B88CC991EAA5F9A0082DFA4 /* PageViewController.swift in Sources */ = {isa = PBXBuildFile; fileRef = 8B88CC981EAA5F9A0082DFA4 /* PageViewController.swift */; };
		8B88CC9B1EAA5FB70082DFA4 /* PageContentViewController.swift in Sources */ = {isa = PBXBuildFile; fileRef = 8B88CC9A1EAA5FB70082DFA4 /* PageContentViewController.swift */; };
		8B88CC9D1EAA61570082DFA4 /* Page1ViewController.swift in Sources */ = {isa = PBXBuildFile; fileRef = 8B88CC9C1EAA61570082DFA4 /* Page1ViewController.swift */; };
		8B88CC9F1EAA61680082DFA4 /* Page2ViewController.swift in Sources */ = {isa = PBXBuildFile; fileRef = 8B88CC9E1EAA61680082DFA4 /* Page2ViewController.swift */; };
		8B88CCA11EAA61740082DFA4 /* Page3ViewController.swift in Sources */ = {isa = PBXBuildFile; fileRef = 8B88CCA01EAA61740082DFA4 /* Page3ViewController.swift */; };
		8B88CCA31EAA64230082DFA4 /* UIColorExtensions.swift in Sources */ = {isa = PBXBuildFile; fileRef = 8B88CCA21EAA64230082DFA4 /* UIColorExtensions.swift */; };
/* End PBXBuildFile section */

/* Begin PBXFileReference section */
		8B88CC7B1EAA5BE70082DFA4 /* NKKSegmentView.app */ = {isa = PBXFileReference; explicitFileType = wrapper.application; includeInIndex = 0; path = NKKSegmentView.app; sourceTree = BUILT_PRODUCTS_DIR; };
		8B88CC7E1EAA5BE70082DFA4 /* AppDelegate.swift */ = {isa = PBXFileReference; lastKnownFileType = sourcecode.swift; path = AppDelegate.swift; sourceTree = "<group>"; };
		8B88CC801EAA5BE70082DFA4 /* ViewController.swift */ = {isa = PBXFileReference; lastKnownFileType = sourcecode.swift; path = ViewController.swift; sourceTree = "<group>"; };
		8B88CC831EAA5BE70082DFA4 /* Base */ = {isa = PBXFileReference; lastKnownFileType = file.storyboard; name = Base; path = Base.lproj/Main.storyboard; sourceTree = "<group>"; };
		8B88CC851EAA5BE70082DFA4 /* Assets.xcassets */ = {isa = PBXFileReference; lastKnownFileType = folder.assetcatalog; path = Assets.xcassets; sourceTree = "<group>"; };
		8B88CC881EAA5BE70082DFA4 /* Base */ = {isa = PBXFileReference; lastKnownFileType = file.storyboard; name = Base; path = Base.lproj/LaunchScreen.storyboard; sourceTree = "<group>"; };
		8B88CC8A1EAA5BE70082DFA4 /* Info.plist */ = {isa = PBXFileReference; lastKnownFileType = text.plist.xml; path = Info.plist; sourceTree = "<group>"; };
		8B88CC901EAA5CD90082DFA4 /* NKKSegmentView.swift */ = {isa = PBXFileReference; fileEncoding = 4; lastKnownFileType = sourcecode.swift; path = NKKSegmentView.swift; sourceTree = "<group>"; };
		8B88CC921EAA5CFB0082DFA4 /* UILabelExtension.swift */ = {isa = PBXFileReference; fileEncoding = 4; lastKnownFileType = sourcecode.swift; path = UILabelExtension.swift; sourceTree = "<group>"; };
		8B88CC941EAA5D3E0082DFA4 /* NKKCustomeCell.swift */ = {isa = PBXFileReference; fileEncoding = 4; lastKnownFileType = sourcecode.swift; path = NKKCustomeCell.swift; sourceTree = "<group>"; };
		8B88CC961EAA5E250082DFA4 /* StringHelper.swift */ = {isa = PBXFileReference; fileEncoding = 4; lastKnownFileType = sourcecode.swift; path = StringHelper.swift; sourceTree = "<group>"; };
		8B88CC981EAA5F9A0082DFA4 /* PageViewController.swift */ = {isa = PBXFileReference; fileEncoding = 4; lastKnownFileType = sourcecode.swift; path = PageViewController.swift; sourceTree = "<group>"; };
		8B88CC9A1EAA5FB70082DFA4 /* PageContentViewController.swift */ = {isa = PBXFileReference; fileEncoding = 4; lastKnownFileType = sourcecode.swift; path = PageContentViewController.swift; sourceTree = "<group>"; };
		8B88CC9C1EAA61570082DFA4 /* Page1ViewController.swift */ = {isa = PBXFileReference; fileEncoding = 4; lastKnownFileType = sourcecode.swift; path = Page1ViewController.swift; sourceTree = "<group>"; };
		8B88CC9E1EAA61680082DFA4 /* Page2ViewController.swift */ = {isa = PBXFileReference; fileEncoding = 4; lastKnownFileType = sourcecode.swift; path = Page2ViewController.swift; sourceTree = "<group>"; };
		8B88CCA01EAA61740082DFA4 /* Page3ViewController.swift */ = {isa = PBXFileReference; fileEncoding = 4; lastKnownFileType = sourcecode.swift; path = Page3ViewController.swift; sourceTree = "<group>"; };
		8B88CCA21EAA64230082DFA4 /* UIColorExtensions.swift */ = {isa = PBXFileReference; fileEncoding = 4; lastKnownFileType = sourcecode.swift; path = UIColorExtensions.swift; sourceTree = "<group>"; };
/* End PBXFileReference section */

/* Begin PBXFrameworksBuildPhase section */
		8B88CC781EAA5BE70082DFA4 /* Frameworks */ = {
			isa = PBXFrameworksBuildPhase;
			buildActionMask = 2147483647;
			files = (
			);
			runOnlyForDeploymentPostprocessing = 0;
		};
/* End PBXFrameworksBuildPhase section */

/* Begin PBXGroup section */
		8B88CC721EAA5BE70082DFA4 = {
			isa = PBXGroup;
			children = (
				8B88CC7D1EAA5BE70082DFA4 /* NKKSegmentView */,
				8B88CC7C1EAA5BE70082DFA4 /* Products */,
			);
			sourceTree = "<group>";
		};
		8B88CC7C1EAA5BE70082DFA4 /* Products */ = {
			isa = PBXGroup;
			children = (
				8B88CC7B1EAA5BE70082DFA4 /* NKKSegmentView.app */,
			);
			name = Products;
			sourceTree = "<group>";
		};
		8B88CC7D1EAA5BE70082DFA4 /* NKKSegmentView */ = {
			isa = PBXGroup;
			children = (
				8B88CC7E1EAA5BE70082DFA4 /* AppDelegate.swift */,
				8B88CC801EAA5BE70082DFA4 /* ViewController.swift */,
				8B88CC821EAA5BE70082DFA4 /* Main.storyboard */,
				8B88CC851EAA5BE70082DFA4 /* Assets.xcassets */,
				8B88CC871EAA5BE70082DFA4 /* LaunchScreen.storyboard */,
				8B88CC8A1EAA5BE70082DFA4 /* Info.plist */,
				8B88CC901EAA5CD90082DFA4 /* NKKSegmentView.swift */,
				8B88CC921EAA5CFB0082DFA4 /* UILabelExtension.swift */,
				8B88CC941EAA5D3E0082DFA4 /* NKKCustomeCell.swift */,
				8B88CC961EAA5E250082DFA4 /* StringHelper.swift */,
				8B88CC981EAA5F9A0082DFA4 /* PageViewController.swift */,
				8B88CC9A1EAA5FB70082DFA4 /* PageContentViewController.swift */,
				8B88CC9C1EAA61570082DFA4 /* Page1ViewController.swift */,
				8B88CC9E1EAA61680082DFA4 /* Page2ViewController.swift */,
				8B88CCA01EAA61740082DFA4 /* Page3ViewController.swift */,
				8B88CCA21EAA64230082DFA4 /* UIColorExtensions.swift */,
			);
			path = NKKSegmentView;
			sourceTree = "<group>";
		};
/* End PBXGroup section */

/* Begin PBXNativeTarget section */
		8B88CC7A1EAA5BE70082DFA4 /* NKKSegmentView */ = {
			isa = PBXNativeTarget;
			buildConfigurationList = 8B88CC8D1EAA5BE70082DFA4 /* Build configuration list for PBXNativeTarget "NKKSegmentView" */;
			buildPhases = (
				8B88CC771EAA5BE70082DFA4 /* Sources */,
				8B88CC781EAA5BE70082DFA4 /* Frameworks */,
				8B88CC791EAA5BE70082DFA4 /* Resources */,
			);
			buildRules = (
			);
			dependencies = (
			);
			name = NKKSegmentView;
			productName = NKKSegmentView;
			productReference = 8B88CC7B1EAA5BE70082DFA4 /* NKKSegmentView.app */;
			productType = "com.apple.product-type.application";
		};
/* End PBXNativeTarget section */

/* Begin PBXProject section */
		8B88CC731EAA5BE70082DFA4 /* Project object */ = {
			isa = PBXProject;
			attributes = {
				LastSwiftUpdateCheck = 0810;
				LastUpgradeCheck = 0810;
				ORGANIZATIONNAME = nkkhanh;
				TargetAttributes = {
					8B88CC7A1EAA5BE70082DFA4 = {
						CreatedOnToolsVersion = 8.1;
						DevelopmentTeam = Y6H6L77655;
						ProvisioningStyle = Manual;
					};
				};
			};
			buildConfigurationList = 8B88CC761EAA5BE70082DFA4 /* Build configuration list for PBXProject "NKKSegmentView" */;
			compatibilityVersion = "Xcode 3.2";
			developmentRegion = English;
			hasScannedForEncodings = 0;
			knownRegions = (
				en,
				Base,
			);
			mainGroup = 8B88CC721EAA5BE70082DFA4;
			productRefGroup = 8B88CC7C1EAA5BE70082DFA4 /* Products */;
			projectDirPath = "";
			projectRoot = "";
			targets = (
				8B88CC7A1EAA5BE70082DFA4 /* NKKSegmentView */,
			);
		};
/* End PBXProject section */

/* Begin PBXResourcesBuildPhase section */
		8B88CC791EAA5BE70082DFA4 /* Resources */ = {
			isa = PBXResourcesBuildPhase;
			buildActionMask = 2147483647;
			files = (
				8B88CC891EAA5BE70082DFA4 /* LaunchScreen.storyboard in Resources */,
				8B88CC861EAA5BE70082DFA4 /* Assets.xcassets in Resources */,
				8B88CC841EAA5BE70082DFA4 /* Main.storyboard in Resources */,
			);
			runOnlyForDeploymentPostprocessing = 0;
		};
/* End PBXResourcesBuildPhase section */

/* Begin PBXSourcesBuildPhase section */
		8B88CC771EAA5BE70082DFA4 /* Sources */ = {
			isa = PBXSourcesBuildPhase;
			buildActionMask = 2147483647;
			files = (
				8B88CC9F1EAA61680082DFA4 /* Page2ViewController.swift in Sources */,
				8B88CC971EAA5E250082DFA4 /* StringHelper.swift in Sources */,
				8B88CC9B1EAA5FB70082DFA4 /* PageContentViewController.swift in Sources */,
				8B88CCA31EAA64230082DFA4 /* UIColorExtensions.swift in Sources */,
				8B88CCA11EAA61740082DFA4 /* Page3ViewController.swift in Sources */,
				8B88CC991EAA5F9A0082DFA4 /* PageViewController.swift in Sources */,
				8B88CC931EAA5CFB0082DFA4 /* UILabelExtension.swift in Sources */,
				8B88CC811EAA5BE70082DFA4 /* ViewController.swift in Sources */,
				8B88CC911EAA5CD90082DFA4 /* NKKSegmentView.swift in Sources */,
				8B88CC9D1EAA61570082DFA4 /* Page1ViewController.swift in Sources */,
				8B88CC7F1EAA5BE70082DFA4 /* AppDelegate.swift in Sources */,
				8B88CC951EAA5D3E0082DFA4 /* NKKCustomeCell.swift in Sources */,
			);
			runOnlyForDeploymentPostprocessing = 0;
		};
/* End PBXSourcesBuildPhase section */

/* Begin PBXVariantGroup section */
		8B88CC821EAA5BE70082DFA4 /* Main.storyboard */ = {
			isa = PBXVariantGroup;
			children = (
				8B88CC831EAA5BE70082DFA4 /* Base */,
			);
			name = Main.storyboard;
			sourceTree = "<group>";
		};
		8B88CC871EAA5BE70082DFA4 /* LaunchScreen.storyboard */ = {
			isa = PBXVariantGroup;
			children = (
				8B88CC881EAA5BE70082DFA4 /* Base */,
			);
			name = LaunchScreen.storyboard;
			sourceTree = "<group>";
		};
/* End PBXVariantGroup section */

/* Begin XCBuildConfiguration section */
		8B88CC8B1EAA5BE70082DFA4 /* Debug */ = {
			isa = XCBuildConfiguration;
			buildSettings = {
				ALWAYS_SEARCH_USER_PATHS = NO;
				CLANG_ANALYZER_NONNULL = YES;
				CLANG_CXX_LANGUAGE_STANDARD = "gnu++0x";
				CLANG_CXX_LIBRARY = "libc++";
				CLANG_ENABLE_MODULES = YES;
				CLANG_ENABLE_OBJC_ARC = YES;
				CLANG_WARN_BOOL_CONVERSION = YES;
				CLANG_WARN_CONSTANT_CONVERSION = YES;
				CLANG_WARN_DIRECT_OBJC_ISA_USAGE = YES_ERROR;
				CLANG_WARN_DOCUMENTATION_COMMENTS = YES;
				CLANG_WARN_EMPTY_BODY = YES;
				CLANG_WARN_ENUM_CONVERSION = YES;
				CLANG_WARN_INFINITE_RECURSION = YES;
				CLANG_WARN_INT_CONVERSION = YES;
				CLANG_WARN_OBJC_ROOT_CLASS = YES_ERROR;
				CLANG_WARN_SUSPICIOUS_MOVES = YES;
				CLANG_WARN_UNREACHABLE_CODE = YES;
				CLANG_WARN__DUPLICATE_METHOD_MATCH = YES;
				"CODE_SIGN_IDENTITY[sdk=iphoneos*]" = "iPhone Developer";
				COPY_PHASE_STRIP = NO;
				DEBUG_INFORMATION_FORMAT = dwarf;
				ENABLE_STRICT_OBJC_MSGSEND = YES;
				ENABLE_TESTABILITY = YES;
				GCC_C_LANGUAGE_STANDARD = gnu99;
				GCC_DYNAMIC_NO_PIC = NO;
				GCC_NO_COMMON_BLOCKS = YES;
				GCC_OPTIMIZATION_LEVEL = 0;
				GCC_PREPROCESSOR_DEFINITIONS = (
					"DEBUG=1",
					"$(inherited)",
				);
				GCC_WARN_64_TO_32_BIT_CONVERSION = YES;
				GCC_WARN_ABOUT_RETURN_TYPE = YES_ERROR;
				GCC_WARN_UNDECLARED_SELECTOR = YES;
				GCC_WARN_UNINITIALIZED_AUTOS = YES_AGGRESSIVE;
				GCC_WARN_UNUSED_FUNCTION = YES;
				GCC_WARN_UNUSED_VARIABLE = YES;
				IPHONEOS_DEPLOYMENT_TARGET = 10.1;
				MTL_ENABLE_DEBUG_INFO = YES;
				ONLY_ACTIVE_ARCH = YES;
				SDKROOT = iphoneos;
				SWIFT_ACTIVE_COMPILATION_CONDITIONS = DEBUG;
				SWIFT_OPTIMIZATION_LEVEL = "-Onone";
				TARGETED_DEVICE_FAMILY = "1,2";
			};
			name = Debug;
		};
		8B88CC8C1EAA5BE70082DFA4 /* Release */ = {
			isa = XCBuildConfiguration;
			buildSettings = {
				ALWAYS_SEARCH_USER_PATHS = NO;
				CLANG_ANALYZER_NONNULL = YES;
				CLANG_CXX_LANGUAGE_STANDARD = "gnu++0x";
				CLANG_CXX_LIBRARY = "libc++";
				CLANG_ENABLE_MODULES = YES;
				CLANG_ENABLE_OBJC_ARC = YES;
				CLANG_WARN_BOOL_CONVERSION = YES;
				CLANG_WARN_CONSTANT_CONVERSION = YES;
				CLANG_WARN_DIRECT_OBJC_ISA_USAGE = YES_ERROR;
				CLANG_WARN_DOCUMENTATION_COMMENTS = YES;
				CLANG_WARN_EMPTY_BODY = YES;
				CLANG_WARN_ENUM_CONVERSION = YES;
				CLANG_WARN_INFINITE_RECURSION = YES;
				CLANG_WARN_INT_CONVERSION = YES;
				CLANG_WARN_OBJC_ROOT_CLASS = YES_ERROR;
				CLANG_WARN_SUSPICIOUS_MOVES = YES;
				CLANG_WARN_UNREACHABLE_CODE = YES;
				CLANG_WARN__DUPLICATE_METHOD_MATCH = YES;
				"CODE_SIGN_IDENTITY[sdk=iphoneos*]" = "iPhone Developer";
				COPY_PHASE_STRIP = NO;
				DEBUG_INFORMATION_FORMAT = "dwarf-with-dsym";
				ENABLE_NS_ASSERTIONS = NO;
				ENABLE_STRICT_OBJC_MSGSEND = YES;
				GCC_C_LANGUAGE_STANDARD = gnu99;
				GCC_NO_COMMON_BLOCKS = YES;
				GCC_WARN_64_TO_32_BIT_CONVERSION = YES;
				GCC_WARN_ABOUT_RETURN_TYPE = YES_ERROR;
				GCC_WARN_UNDECLARED_SELECTOR = YES;
				GCC_WARN_UNINITIALIZED_AUTOS = YES_AGGRESSIVE;
				GCC_WARN_UNUSED_FUNCTION = YES;
				GCC_WARN_UNUSED_VARIABLE = YES;
				IPHONEOS_DEPLOYMENT_TARGET = 10.1;
				MTL_ENABLE_DEBUG_INFO = NO;
				SDKROOT = iphoneos;
				SWIFT_OPTIMIZATION_LEVEL = "-Owholemodule";
				TARGETED_DEVICE_FAMILY = "1,2";
				VALIDATE_PRODUCT = YES;
			};
			name = Release;
		};
		8B88CC8E1EAA5BE70082DFA4 /* Debug */ = {
			isa = XCBuildConfiguration;
			buildSettings = {
				ASSETCATALOG_COMPILER_APPICON_NAME = AppIcon;
				DEVELOPMENT_TEAM = Y6H6L77655;
				INFOPLIST_FILE = NKKSegmentView/Info.plist;
				LD_RUNPATH_SEARCH_PATHS = "$(inherited) @executable_path/Frameworks";
				PRODUCT_BUNDLE_IDENTIFIER = com.nkkhanh.NKKSegmentView;
				PRODUCT_NAME = "$(TARGET_NAME)";
				PROVISIONING_PROFILE = "5b4dace7-af53-4f83-9c7d-c7111becb835";
				PROVISIONING_PROFILE_SPECIFIER = will_discard_dev;
				SWIFT_VERSION = 3.0;
			};
			name = Debug;
		};
		8B88CC8F1EAA5BE70082DFA4 /* Release */ = {
			isa = XCBuildConfiguration;
			buildSettings = {
				ASSETCATALOG_COMPILER_APPICON_NAME = AppIcon;
				DEVELOPMENT_TEAM = "";
				INFOPLIST_FILE = NKKSegmentView/Info.plist;
				LD_RUNPATH_SEARCH_PATHS = "$(inherited) @executable_path/Frameworks";
				PRODUCT_BUNDLE_IDENTIFIER = com.nkkhanh.NKKSegmentView;
				PRODUCT_NAME = "$(TARGET_NAME)";
				SWIFT_VERSION = 3.0;
			};
			name = Release;
		};
/* End XCBuildConfiguration section */

/* Begin XCConfigurationList section */
		8B88CC761EAA5BE70082DFA4 /* Build configuration list for PBXProject "NKKSegmentView" */ = {
			isa = XCConfigurationList;
			buildConfigurations = (
				8B88CC8B1EAA5BE70082DFA4 /* Debug */,
				8B88CC8C1EAA5BE70082DFA4 /* Release */,
			);
			defaultConfigurationIsVisible = 0;
			defaultConfigurationName = Release;
		};
		8B88CC8D1EAA5BE70082DFA4 /* Build configuration list for PBXNativeTarget "NKKSegmentView" */ = {
			isa = XCConfigurationList;
			buildConfigurations = (
				8B88CC8E1EAA5BE70082DFA4 /* Debug */,
				8B88CC8F1EAA5BE70082DFA4 /* Release */,
			);
			defaultConfigurationIsVisible = 0;
		};
/* End XCConfigurationList section */
	};
	rootObject = 8B88CC731EAA5BE70082DFA4 /* Project object */;
}
